# This file is automatically @generated by Poetry 1.8.3 and should not be changed by hand.

[[package]]
name = "ghidra-stubs"
version = "11.1.2.1.0.4"
description = ""
optional = false
python-versions = "*"
files = [
    {file = "ghidra-stubs-11.1.2.1.0.4.tar.gz", hash = "sha256:b11898888fe8d2fc62a26a68db4c6a60535aa32d79dfb273f1a6641f3523b835"},
    {file = "ghidra_stubs-11.1.2.1.0.4-py2.py3-none-any.whl", hash = "sha256:9d02b3a823daa30474ba0653e223239a60b9df794f8e32f22bf78f17196adbcf"},
]

[metadata]
lock-version = "2.0"
python-versions = "^3.12"
content-hash = "8e38e5b112eeca10fe2cdad3f48c5d1cd2b4759107f8b4bd5da4a268d72f740d"
